# This file is automatically @generated by Poetry 1.4.0 and should not be changed by hand.

[[package]]
name = "bitarray"
version = "2.8.3"
description = "efficient arrays of booleans -- C extension"
category = "main"
optional = false
python-versions = "*"
files = [
    {file = "bitarray-2.8.3-cp310-cp310-macosx_10_9_universal2.whl", hash = "sha256:be7c6343a7f24293a988e5a27c1e2f44f028476e35192e73663c4acec5c4766e"},
    {file = "bitarray-2.8.3-cp310-cp310-macosx_10_9_x86_64.whl", hash = "sha256:38233e5793e107575be656908419d2bceab359c78c28affc386c7b88b8882b8f"},
    {file = "bitarray-2.8.3-cp310-cp310-macosx_11_0_arm64.whl", hash = "sha256:acf24bc6aedd0a490af71591b99401867d4445d64db09a7bfe0bde3e8498cc8d"},
    {file = "bitarray-2.8.3-cp310-cp310-manylinux_2_17_aarch64.manylinux2014_aarch64.whl", hash = "sha256:04fcb292637012a1551e55c00796e31b5c66d1692ca25a5ac83d23779c23cd29"},
    {file = "bitarray-2.8.3-cp310-cp310-manylinux_2_17_ppc64le.manylinux2014_ppc64le.whl", hash = "sha256:015908355354d42973ad41ba4eca697b4b55690b3ece6d9629118273e7a9e380"},
    {file = "bitarray-2.8.3-cp310-cp310-manylinux_2_17_s390x.manylinux2014_s390x.whl", hash = "sha256:48a89c2112420ebeb163a3c273c244d542cf9315c9ce5a875d305f91adcdac24"},
    {file = "bitarray-2.8.3-cp310-cp310-manylinux_2_17_x86_64.manylinux2014_x86_64.whl", hash = "sha256:cb530a9fb7ed13a1a49bda81db2def4c73b7fef0fd1bb969b1d7605121869230"},
    {file = "bitarray-2.8.3-cp310-cp310-manylinux_2_5_i686.manylinux1_i686.manylinux_2_17_i686.manylinux2014_i686.whl", hash = "sha256:c87146e9c2c196c012e97273f82215e2239b9bffcbb6c7802bbbedac87be2358"},
    {file = "bitarray-2.8.3-cp310-cp310-musllinux_1_1_aarch64.whl", hash = "sha256:84a2628a5377971d73c95014e540a51327eb27ffdfbab81e43eac494eced3dc2"},
    {file = "bitarray-2.8.3-cp310-cp310-musllinux_1_1_i686.whl", hash = "sha256:6bcbe2ea34c88cf736f157cf3d713c1af112f0d7a9eec390d69a9e042b7d76d4"},
    {file = "bitarray-2.8.3-cp310-cp310-musllinux_1_1_ppc64le.whl", hash = "sha256:67ee9d71af3db621aa637f96520a8df8534fcc64e881360d3ed3a07f7e47ed1b"},
    {file = "bitarray-2.8.3-cp310-cp310-musllinux_1_1_s390x.whl", hash = "sha256:ba3f27d82b45543a7d1488d151594915a6e67fb28bd4f21eb0901df2ba4ede86"},
    {file = "bitarray-2.8.3-cp310-cp310-musllinux_1_1_x86_64.whl", hash = "sha256:095923f084d2271f28d7430798e698f6d0b304c58b072b4f2eb0bc132321323b"},
    {file = "bitarray-2.8.3-cp310-cp310-win32.whl", hash = "sha256:de91007504b475a93d8b0949db9dec86d39c0306de9914f7b9087daeb3d9fbaf"},
    {file = "bitarray-2.8.3-cp310-cp310-win_amd64.whl", hash = "sha256:09c140daa13d2515609d5a2dbfd289eada200e96222671194dc72eae89bc3c7b"},
    {file = "bitarray-2.8.3-cp311-cp311-macosx_10_9_universal2.whl", hash = "sha256:2bfd32ce49d23584333087262fb367b371c74cf531f6b0c16759d59f47c847d7"},
    {file = "bitarray-2.8.3-cp311-cp311-macosx_10_9_x86_64.whl", hash = "sha256:12035756896d71e82edf6a6fb46d3ca299eadbec25140c12505d4b32f561b0da"},
    {file = "bitarray-2.8.3-cp311-cp311-macosx_11_0_arm64.whl", hash = "sha256:73fa449d9e551a063ff5c68b5d2cc0caaede5b59366d37457261ae3080f61fca"},
    {file = "bitarray-2.8.3-cp311-cp311-manylinux_2_17_aarch64.manylinux2014_aarch64.whl", hash = "sha256:18707458f6467072a9c3322835a299fa86df8fb3962f51afac2b50c6a4babf82"},
    {file = "bitarray-2.8.3-cp311-cp311-manylinux_2_17_ppc64le.manylinux2014_ppc64le.whl", hash = "sha256:1f142476b3bb80f6887b5a3a08d69bbd526093aee5a00973c26458cc16dd5e47"},
    {file = "bitarray-2.8.3-cp311-cp311-manylinux_2_17_s390x.manylinux2014_s390x.whl", hash = "sha256:47400fa421b8a3947f6676981f8d9b8581239831533dff374477ef2b86fda42f"},
    {file = "bitarray-2.8.3-cp311-cp311-manylinux_2_17_x86_64.manylinux2014_x86_64.whl", hash = "sha256:56f51107bb5406bfa4889064c01d5f9e7a545b3e2b53f159626c72c910fe8f07"},
    {file = "bitarray-2.8.3-cp311-cp311-manylinux_2_5_i686.manylinux1_i686.manylinux_2_17_i686.manylinux2014_i686.whl", hash = "sha256:9a3741359cbb1a9eb50188e8faa0ced96ca658eb85061786b7f686efa94c3604"},
    {file = "bitarray-2.8.3-cp311-cp311-musllinux_1_1_aarch64.whl", hash = "sha256:c65080bbba08ce07b136490b4df3d0907ec3dd76c3c5d47fda011002420f6d31"},
    {file = "bitarray-2.8.3-cp311-cp311-musllinux_1_1_i686.whl", hash = "sha256:117a6f409dabc15320f3212d05d878cc33436c1e118e8746bf3775da2509bb7d"},
    {file = "bitarray-2.8.3-cp311-cp311-musllinux_1_1_ppc64le.whl", hash = "sha256:782ff781ae3c4956c15764aefc06ceb8c1c348794f09dfc8ebf62ff35166da1f"},
    {file = "bitarray-2.8.3-cp311-cp311-musllinux_1_1_s390x.whl", hash = "sha256:a7b839e5c038111fd2fbd09e83ca945da357d690e49cfa269c09aed239db9c2b"},
    {file = "bitarray-2.8.3-cp311-cp311-musllinux_1_1_x86_64.whl", hash = "sha256:ab7e9b1846cc62739d9d293a94f704949b588afb9ed72db00e26b7fcdb4661a3"},
    {file = "bitarray-2.8.3-cp311-cp311-win32.whl", hash = "sha256:20cc6573ac21627e0fde854d4e0450d4c97706213bac986c0d38d252452da155"},
    {file = "bitarray-2.8.3-cp311-cp311-win_amd64.whl", hash = "sha256:8011a63692e9e32cdc3fac3dfd0beceece926e8b53fb91750037fc386917f90b"},
    {file = "bitarray-2.8.3-cp312-cp312-macosx_10_9_universal2.whl", hash = "sha256:da61c6d7b6288d29db5be77048176f41f7320316997fced28b5415e1f939448e"},
    {file = "bitarray-2.8.3-cp312-cp312-macosx_10_9_x86_64.whl", hash = "sha256:60774f73151dbcabefb5acb6d97ac09a51c999f9a903ac6f8db3d8368d338969"},
    {file = "bitarray-2.8.3-cp312-cp312-macosx_11_0_arm64.whl", hash = "sha256:3c815a7ca72a5eebcd85caaeb4d32b71af1c795e38b3dff5dcb5b6b1f3ba0b4f"},
    {file = "bitarray-2.8.3-cp312-cp312-manylinux_2_17_aarch64.manylinux2014_aarch64.whl", hash = "sha256:a102cd1fafee8919a069fed9ea40c1ffe4d6037fd5b0a7f47326c2f75f24f70f"},
    {file = "bitarray-2.8.3-cp312-cp312-manylinux_2_17_ppc64le.manylinux2014_ppc64le.whl", hash = "sha256:5b2816afe82feeb7948e58ca0be31c254e23307953e56d3313f293f79279fbe7"},
    {file = "bitarray-2.8.3-cp312-cp312-manylinux_2_17_s390x.manylinux2014_s390x.whl", hash = "sha256:98fe712a82f65de536b65fa9af7601df4e8231f14e3b0b14ef22e16e30d2fbea"},
    {file = "bitarray-2.8.3-cp312-cp312-manylinux_2_17_x86_64.manylinux2014_x86_64.whl", hash = "sha256:8defbf10a731b44892001daa6903b2f2f7ad8c623a7b4d9ae6bd674592b1763e"},
    {file = "bitarray-2.8.3-cp312-cp312-manylinux_2_5_i686.manylinux1_i686.manylinux_2_17_i686.manylinux2014_i686.whl", hash = "sha256:e98a7b510aaaf0d7368b7cb983d3106aecd28abdfa4b4593b80e7f4ab5af0a97"},
    {file = "bitarray-2.8.3-cp312-cp312-musllinux_1_1_aarch64.whl", hash = "sha256:a5e24317b0768789c52586a31284dec8ccafa2f6c128df2f2d79656142f1e794"},
    {file = "bitarray-2.8.3-cp312-cp312-musllinux_1_1_i686.whl", hash = "sha256:c30dbbe2f49056d4bd97a94c07a7fc0118ecc85661fdbaada36dfa9b14dc5962"},
    {file = "bitarray-2.8.3-cp312-cp312-musllinux_1_1_ppc64le.whl", hash = "sha256:2adb2ba1e7196f62587f4011b213b3609a717f92698a398904192e201ec3e29e"},
    {file = "bitarray-2.8.3-cp312-cp312-musllinux_1_1_s390x.whl", hash = "sha256:3aa1bd71236e07f0e7ab859a130fc57645301fd1ffd64be9a9750bce51446acb"},
    {file = "bitarray-2.8.3-cp312-cp312-musllinux_1_1_x86_64.whl", hash = "sha256:63e595ca8dab2b77104e618782764bc3b172a0e9c6f97734d5fdd299063feac0"},
    {file = "bitarray-2.8.3-cp312-cp312-win32.whl", hash = "sha256:0c3de6517df7bbac18632046e722ca9000a4aeb76da68e545437fee1e61e2bbc"},
    {file = "bitarray-2.8.3-cp312-cp312-win_amd64.whl", hash = "sha256:4a6a4e83ecab1fd1fc171c57334663b24c5d286b66421efac2428b7e105c5d62"},
    {file = "bitarray-2.8.3-cp36-cp36m-macosx_10_9_x86_64.whl", hash = "sha256:993438edd54350133f7569a8691074a90aa2297def69ec0e7af34de3d175cd00"},
    {file = "bitarray-2.8.3-cp36-cp36m-manylinux_2_17_aarch64.manylinux2014_aarch64.whl", hash = "sha256:06770f6f7d238c2e2d251e9f5346358653ea8f3dbbedc83d18598f6c044f16b4"},
    {file = "bitarray-2.8.3-cp36-cp36m-manylinux_2_17_ppc64le.manylinux2014_ppc64le.whl", hash = "sha256:44e3944ebccbc38ebdb7bd3c37a9b6ff91d87db2dad4bf3910e2b01fbd36831b"},
    {file = "bitarray-2.8.3-cp36-cp36m-manylinux_2_17_s390x.manylinux2014_s390x.whl", hash = "sha256:a86c308018b59b999cf3d5a16889d3a347b48a2d08f34fbb4e29d5dc05fa198a"},
    {file = "bitarray-2.8.3-cp36-cp36m-manylinux_2_17_x86_64.manylinux2014_x86_64.whl", hash = "sha256:9b92c17b15bd5536c3e067051c67531adc81fcb6c1a699a760600ccd03dfcfba"},
    {file = "bitarray-2.8.3-cp36-cp36m-manylinux_2_5_i686.manylinux1_i686.manylinux_2_17_i686.manylinux2014_i686.whl", hash = "sha256:e3d80bc6722652c847e5f503c2ce94a641b016059ec45bde4e1f13454b33e904"},
    {file = "bitarray-2.8.3-cp36-cp36m-musllinux_1_1_aarch64.whl", hash = "sha256:fbc7ac38de41052599f1e27edf4f33c02d5aea6810ee299825a81863a32e26a0"},
    {file = "bitarray-2.8.3-cp36-cp36m-musllinux_1_1_i686.whl", hash = "sha256:bbca4c4bc9854e3166474e471f3230989fd2baf32c915e363c32f91dc6ebb704"},
    {file = "bitarray-2.8.3-cp36-cp36m-musllinux_1_1_ppc64le.whl", hash = "sha256:74efd69ac9d06ce9f43a1f513cee8a82c314f85aa0bd74664abe9e608fb59ffd"},
    {file = "bitarray-2.8.3-cp36-cp36m-musllinux_1_1_s390x.whl", hash = "sha256:c3f7a6c6b78edd81fca0035fb7a156a79f25919e1b0598afb483c26513d562f1"},
    {file = "bitarray-2.8.3-cp36-cp36m-musllinux_1_1_x86_64.whl", hash = "sha256:b0cefac8fedb3dbbf97542dc0c6fdd8bf09a210bf6fa5799083b7309fd97b1b2"},
    {file = "bitarray-2.8.3-cp36-cp36m-win32.whl", hash = "sha256:67e366efaea6e0b5971593a83d062cb7e4e09e03d29f8d5b825effdf5f516ad3"},
    {file = "bitarray-2.8.3-cp36-cp36m-win_amd64.whl", hash = "sha256:621d5658b890b99b3f8b1a678b0afed10e096d53baa767ecbcf428fce1f48415"},
    {file = "bitarray-2.8.3-cp37-cp37m-macosx_10_9_x86_64.whl", hash = "sha256:ac5451951ce1e0616385e77de49afc7bd90bdf9d0aa99c0fd7b0bd23400db890"},
    {file = "bitarray-2.8.3-cp37-cp37m-manylinux_2_17_aarch64.manylinux2014_aarch64.whl", hash = "sha256:ff6b6b47da38223803aa3e7aab356f84e0636ecdbd43fa4bd11dbc00a923d474"},
    {file = "bitarray-2.8.3-cp37-cp37m-manylinux_2_17_ppc64le.manylinux2014_ppc64le.whl", hash = "sha256:154082c814e4007bf15d8dfc576ebd4e79e9ed3626017cd53810961cee7e65d8"},
    {file = "bitarray-2.8.3-cp37-cp37m-manylinux_2_17_s390x.manylinux2014_s390x.whl", hash = "sha256:e9f4f29c0338e5862ebc3b88091d29ff28d44ab80381f238da08aabb054777c2"},
    {file = "bitarray-2.8.3-cp37-cp37m-manylinux_2_17_x86_64.manylinux2014_x86_64.whl", hash = "sha256:b153b846a6ac4b6eca71bb5f84d3dba51f3cd159f4322f5d67b2c41cf15973ad"},
    {file = "bitarray-2.8.3-cp37-cp37m-manylinux_2_5_i686.manylinux1_i686.manylinux_2_17_i686.manylinux2014_i686.whl", hash = "sha256:a2c8e06c3463746181255e03f07535c136f5346fb9c4a90eec2da27695102533"},
    {file = "bitarray-2.8.3-cp37-cp37m-musllinux_1_1_aarch64.whl", hash = "sha256:f16a2247c27f4db3f8d01665ee97d46eaf0240b7a9feae16c17e906a3bb9a794"},
    {file = "bitarray-2.8.3-cp37-cp37m-musllinux_1_1_i686.whl", hash = "sha256:57f1fc3a089d9907859e940c6a4db3f5358013c75bba3b15156d93a58bca868e"},
    {file = "bitarray-2.8.3-cp37-cp37m-musllinux_1_1_ppc64le.whl", hash = "sha256:c42fcddc955d84164667d899e8d4bbb763f4bc029fe72642a65df7382c46fe94"},
    {file = "bitarray-2.8.3-cp37-cp37m-musllinux_1_1_s390x.whl", hash = "sha256:e60254ac626790c8c95415b095c6831056ca57a5d31839564210530c3278f170"},
    {file = "bitarray-2.8.3-cp37-cp37m-musllinux_1_1_x86_64.whl", hash = "sha256:a0bb2e5c0c9f964bf43a09a1cf37233ff96b3318c9a50b1b7c3d74a875b32072"},
    {file = "bitarray-2.8.3-cp37-cp37m-win32.whl", hash = "sha256:edddd6d885c7195ba7734936bc1efc8a37de18ec886a8be44a484980da87947e"},
    {file = "bitarray-2.8.3-cp37-cp37m-win_amd64.whl", hash = "sha256:44ee266b71cd6bd7c99f937b30ac3b7627cad04777f2c12894cd0f820cb79ada"},
    {file = "bitarray-2.8.3-cp38-cp38-macosx_10_9_universal2.whl", hash = "sha256:a836a988ada812776af9ea6e88edf1e2eaaf38ebd545bbbcd500b2db0ced3a4f"},
    {file = "bitarray-2.8.3-cp38-cp38-macosx_10_9_x86_64.whl", hash = "sha256:089a4658706ec63293c153ffb1472cea1bbefb39ccfb214f52f0c1f5d10bf28e"},
    {file = "bitarray-2.8.3-cp38-cp38-macosx_11_0_arm64.whl", hash = "sha256:f8c492d90b41c510d799cc37c27892b149be77e225df6446854ce0b164e243a3"},
    {file = "bitarray-2.8.3-cp38-cp38-manylinux_2_17_aarch64.manylinux2014_aarch64.whl", hash = "sha256:b661052a4762825790a728469f897c341558392342cb68a6c54708d4e5198254"},
    {file = "bitarray-2.8.3-cp38-cp38-manylinux_2_17_ppc64le.manylinux2014_ppc64le.whl", hash = "sha256:e4fd5e8a2e1b898ebc91faf6e1938bde38a4d20ee8ea49835e9adadd9b87c97c"},
    {file = "bitarray-2.8.3-cp38-cp38-manylinux_2_17_s390x.manylinux2014_s390x.whl", hash = "sha256:4d4f3e78a8c1c5bf625632488a4bdd78fe87c4603ea10443cb8f207c2a846efe"},
    {file = "bitarray-2.8.3-cp38-cp38-manylinux_2_17_x86_64.manylinux2014_x86_64.whl", hash = "sha256:5797552e849079ff963936a037087367f20b41d5a612b07a1ba032259a2b86c8"},
    {file = "bitarray-2.8.3-cp38-cp38-manylinux_2_5_i686.manylinux1_i686.manylinux_2_17_i686.manylinux2014_i686.whl", hash = "sha256:adfc210df3d85017f5d2ef82db94d46b585ecbbd7357a6ee1c3bc125cc2658e2"},
    {file = "bitarray-2.8.3-cp38-cp38-musllinux_1_1_aarch64.whl", hash = "sha256:252bdf94c74192b10f7fdb42683adf1403892acdce39e3e3524e8b070793b1c7"},
    {file = "bitarray-2.8.3-cp38-cp38-musllinux_1_1_i686.whl", hash = "sha256:879bb9f11bad60a5588f5efb4e60f42844e4787ce7d5bb0f8eb8b87a835e914f"},
    {file = "bitarray-2.8.3-cp38-cp38-musllinux_1_1_ppc64le.whl", hash = "sha256:7a6413b5f53d44e134276d5a3747b71d17cbc25177a50445458921424a760dcd"},
    {file = "bitarray-2.8.3-cp38-cp38-musllinux_1_1_s390x.whl", hash = "sha256:3d0daf70de198dcde459451c534333c0f59ab847649be013c9b88d24f0e49767"},
    {file = "bitarray-2.8.3-cp38-cp38-musllinux_1_1_x86_64.whl", hash = "sha256:09244fa4e39ca263820dd8eca83a0175a98fb8f9bd353b4285a9ef2928b7fb41"},
    {file = "bitarray-2.8.3-cp38-cp38-win32.whl", hash = "sha256:7ad527ff1d398a703eba71ac270625087691e62efab8d0e331c53affe0628030"},
    {file = "bitarray-2.8.3-cp38-cp38-win_amd64.whl", hash = "sha256:2fcaf220e53518762dae0701082cb70d620656eaaecf5512695a6afafa885ea6"},
    {file = "bitarray-2.8.3-cp39-cp39-macosx_10_9_universal2.whl", hash = "sha256:38e19756480bff2703155060d1849d37138a1d2242287563de112fb5bdd3217d"},
    {file = "bitarray-2.8.3-cp39-cp39-macosx_10_9_x86_64.whl", hash = "sha256:123333df4b22f12f4fc13fa4821b8ca075df59161bd41f5f189ffc791aaac10b"},
    {file = "bitarray-2.8.3-cp39-cp39-macosx_11_0_arm64.whl", hash = "sha256:ff62c1c174ceae7ef0456702f9eff1f3d76590c075b9c984c459d734f73fc766"},
    {file = "bitarray-2.8.3-cp39-cp39-manylinux_2_17_aarch64.manylinux2014_aarch64.whl", hash = "sha256:7554518934364b30d8da085f7a759ee3838c9ae4265b48beb82072f942b2816e"},
    {file = "bitarray-2.8.3-cp39-cp39-manylinux_2_17_ppc64le.manylinux2014_ppc64le.whl", hash = "sha256:b8f0306dbc6605dd7f9e2dada33a3916c0c28f37128464de7153df7d8cf7a959"},
    {file = "bitarray-2.8.3-cp39-cp39-manylinux_2_17_s390x.manylinux2014_s390x.whl", hash = "sha256:2aeae0f2dacf546256f8720a1e8233b6735a3bf76778be701a1736d26fe4ecec"},
    {file = "bitarray-2.8.3-cp39-cp39-manylinux_2_17_x86_64.manylinux2014_x86_64.whl", hash = "sha256:4c02d24051d7070b8f3b52fa9c8984fd8eb035115545f7c4be44c9825e8b58c8"},
    {file = "bitarray-2.8.3-cp39-cp39-manylinux_2_5_i686.manylinux1_i686.manylinux_2_17_i686.manylinux2014_i686.whl", hash = "sha256:82fe0a774204159383d1be993191d51500cb44adbd3e9287da801e4657c0d4b2"},
    {file = "bitarray-2.8.3-cp39-cp39-musllinux_1_1_aarch64.whl", hash = "sha256:aa4513a7393055faef630dcfb4d10a339c47eeb943487c0e9063ba763b66cb73"},
    {file = "bitarray-2.8.3-cp39-cp39-musllinux_1_1_i686.whl", hash = "sha256:36f9752b654e18f99130a2bf84f54b1e6b8fad4f5f768f4390eb9b769a64a59c"},
    {file = "bitarray-2.8.3-cp39-cp39-musllinux_1_1_ppc64le.whl", hash = "sha256:a4212b66f9ae2e28ca1aa0307167ebfcdb2ca263a56b786cc572699e8a717f91"},
    {file = "bitarray-2.8.3-cp39-cp39-musllinux_1_1_s390x.whl", hash = "sha256:cadccf651900e3858e55dfd762d5de0786aec853f1fb26183905ddee233183b4"},
    {file = "bitarray-2.8.3-cp39-cp39-musllinux_1_1_x86_64.whl", hash = "sha256:9f756d159099f154a21d73932f13c8ce27f45a1c892d9b19c66a1a2c50c18474"},
    {file = "bitarray-2.8.3-cp39-cp39-win32.whl", hash = "sha256:c2ffed55994f5c73d34371474946767f936b0b83237f800be0f27a3e783baadb"},
    {file = "bitarray-2.8.3-cp39-cp39-win_amd64.whl", hash = "sha256:f69cacb3d983200114e48ec0c894e28690926f166b71202f75e976d5cd588be9"},
    {file = "bitarray-2.8.3-pp310-pypy310_pp73-macosx_10_9_x86_64.whl", hash = "sha256:d6a8a1da9205de97eea14aaa731c657fa8decd2d6878ee3d2d4bf33291960216"},
    {file = "bitarray-2.8.3-pp310-pypy310_pp73-manylinux_2_17_aarch64.manylinux2014_aarch64.whl", hash = "sha256:8562dd32b4d9810a0b9c04fe3d1ed8078f27d74e3738063162c677b253216666"},
    {file = "bitarray-2.8.3-pp310-pypy310_pp73-manylinux_2_17_x86_64.manylinux2014_x86_64.whl", hash = "sha256:ed974048a4ced6e7b5d1cfcb83c046e70bf31b8a28eacfee3afa62f8690dee69"},
    {file = "bitarray-2.8.3-pp310-pypy310_pp73-manylinux_2_5_i686.manylinux1_i686.manylinux_2_17_i686.manylinux2014_i686.whl", hash = "sha256:2448d8f5ce6d8a840a5dff1b41f5124445141530724af7ba82ec7967eabd290a"},
    {file = "bitarray-2.8.3-pp310-pypy310_pp73-win_amd64.whl", hash = "sha256:64d867953b530b3dde93663d4c4708b533216e9dca3f3b4489698261cd80fcef"},
    {file = "bitarray-2.8.3-pp37-pypy37_pp73-macosx_10_9_x86_64.whl", hash = "sha256:72bba6b388ba7c48a882bd58c86972aab73a30c3fb5b3341f28eb5bdc17365f8"},
    {file = "bitarray-2.8.3-pp37-pypy37_pp73-manylinux_2_17_aarch64.manylinux2014_aarch64.whl", hash = "sha256:f62ee2eae65b72e034a24ac2bacd78d48845193168b54407e93bccd3772b247f"},
    {file = "bitarray-2.8.3-pp37-pypy37_pp73-manylinux_2_17_x86_64.manylinux2014_x86_64.whl", hash = "sha256:07ed46857ed73765f2316e08f2d5108b7e694b44f4293e30fb526f3123c829d4"},
    {file = "bitarray-2.8.3-pp37-pypy37_pp73-manylinux_2_5_i686.manylinux1_i686.manylinux_2_17_i686.manylinux2014_i686.whl", hash = "sha256:136bd205384a3089bc22c02a365a152e61b1e8d06ec664185c90e3ab8967260c"},
    {file = "bitarray-2.8.3-pp37-pypy37_pp73-win_amd64.whl", hash = "sha256:42d2d0123b1e68b387f4b2fd288e1a8f0dfb991cf1d2fbc56d948c3f4a113d8d"},
    {file = "bitarray-2.8.3-pp38-pypy38_pp73-macosx_10_9_x86_64.whl", hash = "sha256:5f35d5ff7334610b42632b30c27332b30db3680dd0174f86e382c3e150dfea2c"},
    {file = "bitarray-2.8.3-pp38-pypy38_pp73-manylinux_2_17_aarch64.manylinux2014_aarch64.whl", hash = "sha256:7618abbac8999cd942be278130b88ac6ed364ba3446222f1db0faf4de7a052cf"},
    {file = "bitarray-2.8.3-pp38-pypy38_pp73-manylinux_2_17_x86_64.manylinux2014_x86_64.whl", hash = "sha256:50923d862e01a546f942272193612f386ec1f90cc4528b10561854902bd8aab0"},
    {file = "bitarray-2.8.3-pp38-pypy38_pp73-manylinux_2_5_i686.manylinux1_i686.manylinux_2_17_i686.manylinux2014_i686.whl", hash = "sha256:c99838782dbec7f0c5cba1a6d4faa8e2da2b522423aa36a7f383a2265ac0ae3f"},
    {file = "bitarray-2.8.3-pp38-pypy38_pp73-win_amd64.whl", hash = "sha256:e76735a285e834fc9db560de11e086453128c1177950a15c3404fe16c7d76f5e"},
    {file = "bitarray-2.8.3-pp39-pypy39_pp73-macosx_10_9_x86_64.whl", hash = "sha256:ffa74d8601e26570f1d0e3042fda6eb26b64ba8d8dfe9b96d0bf90a6f0d81582"},
    {file = "bitarray-2.8.3-pp39-pypy39_pp73-manylinux_2_17_aarch64.manylinux2014_aarch64.whl", hash = "sha256:e6993e46c81702d0bb39aad83ceb228cec087bc321782fbd2c6ddff7c653dcc8"},
    {file = "bitarray-2.8.3-pp39-pypy39_pp73-manylinux_2_17_x86_64.manylinux2014_x86_64.whl", hash = "sha256:6d9ec6a214563d2edd46d1a553583782379a2cb1016e8cc6c524e011905433b1"},
    {file = "bitarray-2.8.3-pp39-pypy39_pp73-manylinux_2_5_i686.manylinux1_i686.manylinux_2_17_i686.manylinux2014_i686.whl", hash = "sha256:34ceedbeed9aefde10c273d44801971db8f7505f80933fbb936969ee2343b8a3"},
    {file = "bitarray-2.8.3-pp39-pypy39_pp73-win_amd64.whl", hash = "sha256:cc178297951343c8d8cd8a391999abf0024ca319671418f98dea0d7e71354126"},
    {file = "bitarray-2.8.3.tar.gz", hash = "sha256:e15587b2bdf18d32eb3ba25f5f5a51bedd0dc06b3112a4c53dab5e7753bc6588"},
]

[[package]]
name = "bitstring"
version = "4.1.4"
description = "Simple construction, analysis and modification of binary data."
category = "main"
optional = false
python-versions = ">=3.7"
files = [
    {file = "bitstring-4.1.4-py3-none-any.whl", hash = "sha256:da46c4d6f8f3fb75a85566fdd33d5083ba8b8f268ed76f34eefe5a00da426192"},
    {file = "bitstring-4.1.4.tar.gz", hash = "sha256:94f3f1c45383ebe8fd4a359424ffeb75c2f290760ae8fcac421b44f89ac85213"},
]

[package.dependencies]
bitarray = ">=2.8.0,<3.0.0"

[[package]]
name = "colorama"
version = "0.4.6"
description = "Cross-platform colored terminal text."
category = "main"
optional = false
python-versions = "!=3.0.*,!=3.1.*,!=3.2.*,!=3.3.*,!=3.4.*,!=3.5.*,!=3.6.*,>=2.7"
files = [
    {file = "colorama-0.4.6-py2.py3-none-any.whl", hash = "sha256:4f1d9991f5acc0ca119f9d443620b77f9d6b33703e51011c16baf57afb285fc6"},
    {file = "colorama-0.4.6.tar.gz", hash = "sha256:08695f5cb7ed6e0531a20572697297273c47b8cae5a63ffc6d6ed5c201be6e44"},
]

[[package]]
name = "haversine"
version = "2.8.0"
description = "Calculate the distance between 2 points on Earth."
category = "main"
optional = false
python-versions = ">=3.5"
files = [
    {file = "haversine-2.8.0-py2.py3-none-any.whl", hash = "sha256:524529d6c39619a513629b68331ce8153ccfc7c30049ed43405c27b12614e8f6"},
    {file = "haversine-2.8.0.tar.gz", hash = "sha256:cca39afd2ae5f1e6ed9231b332395bb8afb2e0a64edf70c238c176492e60c150"},
]

[[package]]
name = "iniconfig"
version = "2.0.0"
description = "brain-dead simple config-ini parsing"
category = "main"
optional = false
python-versions = ">=3.7"
files = [
    {file = "iniconfig-2.0.0-py3-none-any.whl", hash = "sha256:b6a85871a79d2e3b22d2d1b94ac2824226a63c6b741c88f7ae975f18b6778374"},
    {file = "iniconfig-2.0.0.tar.gz", hash = "sha256:2d91e135bf72d31a410b17c16da610a82cb55f6b0477d1a902134b24a455b8b3"},
]

[[package]]
name = "packaging"
version = "23.2"
description = "Core utilities for Python packages"
category = "main"
optional = false
python-versions = ">=3.7"
files = [
    {file = "packaging-23.2-py3-none-any.whl", hash = "sha256:8c491190033a9af7e1d931d0b5dacc2ef47509b34dd0de67ed209b5203fc88c7"},
    {file = "packaging-23.2.tar.gz", hash = "sha256:048fb0e9405036518eaaf48a55953c750c11e1a1b68e0dd1a9d62ed0c092cfc5"},
]

[[package]]
name = "pluggy"
version = "1.3.0"
description = "plugin and hook calling mechanisms for python"
category = "main"
optional = false
python-versions = ">=3.8"
files = [
    {file = "pluggy-1.3.0-py3-none-any.whl", hash = "sha256:d89c696a773f8bd377d18e5ecda92b7a3793cbe66c87060a6fb58c7b6e1061f7"},
    {file = "pluggy-1.3.0.tar.gz", hash = "sha256:cf61ae8f126ac6f7c451172cf30e3e43d3ca77615509771b3a984a0730651e12"},
]

[package.extras]
dev = ["pre-commit", "tox"]
testing = ["pytest", "pytest-benchmark"]

[[package]]
name = "pytest"
version = "7.4.3"
description = "pytest: simple powerful testing with Python"
category = "main"
optional = false
python-versions = ">=3.7"
files = [
    {file = "pytest-7.4.3-py3-none-any.whl", hash = "sha256:0d009c083ea859a71b76adf7c1d502e4bc170b80a8ef002da5806527b9591fac"},
    {file = "pytest-7.4.3.tar.gz", hash = "sha256:d989d136982de4e3b29dabcc838ad581c64e8ed52c11fbe86ddebd9da0818cd5"},
]

[package.dependencies]
colorama = {version = "*", markers = "sys_platform == \"win32\""}
iniconfig = "*"
packaging = "*"
pluggy = ">=0.12,<2.0"

[package.extras]
testing = ["argcomplete", "attrs (>=19.2.0)", "hypothesis (>=3.56)", "mock", "nose", "pygments (>=2.7.2)", "requests", "setuptools", "xmlschema"]

[[package]]
name = "tqdm"
version = "4.66.1"
description = "Fast, Extensible Progress Meter"
category = "main"
optional = false
python-versions = ">=3.7"
files = [
    {file = "tqdm-4.66.1-py3-none-any.whl", hash = "sha256:d302b3c5b53d47bce91fea46679d9c3c6508cf6332229aa1e7d8653723793386"},
    {file = "tqdm-4.66.1.tar.gz", hash = "sha256:d88e651f9db8d8551a62556d3cff9e3034274ca5d66e93197cf2490e2dcb69c7"},
]

[package.dependencies]
colorama = {version = "*", markers = "platform_system == \"Windows\""}

[package.extras]
dev = ["pytest (>=6)", "pytest-cov", "pytest-timeout", "pytest-xdist"]
notebook = ["ipywidgets (>=6)"]
slack = ["slack-sdk"]
telegram = ["requests"]

[metadata]
lock-version = "2.0"
python-versions = "^3.11"
content-hash = "38420aac95386d0741bb7ea2ee559b198c45f646aa6d9c63d146035f083256a7"
